// !$*UTF8*$!
{
	archiveVersion = 1;
	classes = {
	};
	objectVersion = 50;
	objects = {

/* Begin PBXBuildFile section */
		03FE271223E56D5000595E71 /* AppDelegate.swift in Sources */ = {isa = PBXBuildFile; fileRef = 03FE271123E56D5000595E71 /* AppDelegate.swift */; };
		03FE271423E56D5000595E71 /* SceneDelegate.swift in Sources */ = {isa = PBXBuildFile; fileRef = 03FE271323E56D5000595E71 /* SceneDelegate.swift */; };
		03FE271623E56D5000595E71 /* ContentView.swift in Sources */ = {isa = PBXBuildFile; fileRef = 03FE271523E56D5000595E71 /* ContentView.swift */; };
		03FE271823E56D5100595E71 /* Assets.xcassets in Resources */ = {isa = PBXBuildFile; fileRef = 03FE271723E56D5100595E71 /* Assets.xcassets */; };
		03FE271B23E56D5100595E71 /* Preview Assets.xcassets in Resources */ = {isa = PBXBuildFile; fileRef = 03FE271A23E56D5100595E71 /* Preview Assets.xcassets */; };
		03FE271E23E56D5100595E71 /* LaunchScreen.storyboard in Resources */ = {isa = PBXBuildFile; fileRef = 03FE271C23E56D5100595E71 /* LaunchScreen.storyboard */; };
		03FE272923E56D5100595E71 /* Animated_Spirograph_SwiftUITests.swift in Sources */ = {isa = PBXBuildFile; fileRef = 03FE272823E56D5100595E71 /* Animated_Spirograph_SwiftUITests.swift */; };
/* End PBXBuildFile section */

/* Begin PBXContainerItemProxy section */
		03FE272523E56D5100595E71 /* PBXContainerItemProxy */ = {
			isa = PBXContainerItemProxy;
			containerPortal = 03FE270623E56D5000595E71 /* Project object */;
			proxyType = 1;
			remoteGlobalIDString = 03FE270D23E56D5000595E71;
			remoteInfo = "Animated-Spirograph-SwiftUI";
		};
/* End PBXContainerItemProxy section */

/* Begin PBXFileReference section */
		03C9D94423E5BEF000215762 /* Animated-Spirograph-SwiftUI.entitlements */ = {isa = PBXFileReference; lastKnownFileType = text.plist.entitlements; path = "Animated-Spirograph-SwiftUI.entitlements"; sourceTree = "<group>"; };
		03FE270E23E56D5000595E71 /* Animated-Spirograph-SwiftUI.app */ = {isa = PBXFileReference; explicitFileType = wrapper.application; includeInIndex = 0; path = "Animated-Spirograph-SwiftUI.app"; sourceTree = BUILT_PRODUCTS_DIR; };
		03FE271123E56D5000595E71 /* AppDelegate.swift */ = {isa = PBXFileReference; lastKnownFileType = sourcecode.swift; path = AppDelegate.swift; sourceTree = "<group>"; };
		03FE271323E56D5000595E71 /* SceneDelegate.swift */ = {isa = PBXFileReference; lastKnownFileType = sourcecode.swift; path = SceneDelegate.swift; sourceTree = "<group>"; };
		03FE271523E56D5000595E71 /* ContentView.swift */ = {isa = PBXFileReference; lastKnownFileType = sourcecode.swift; path = ContentView.swift; sourceTree = "<group>"; };
		03FE271723E56D5100595E71 /* Assets.xcassets */ = {isa = PBXFileReference; lastKnownFileType = folder.assetcatalog; path = Assets.xcassets; sourceTree = "<group>"; };
		03FE271A23E56D5100595E71 /* Preview Assets.xcassets */ = {isa = PBXFileReference; lastKnownFileType = folder.assetcatalog; path = "Preview Assets.xcassets"; sourceTree = "<group>"; };
		03FE271D23E56D5100595E71 /* Base */ = {isa = PBXFileReference; lastKnownFileType = file.storyboard; name = Base; path = Base.lproj/LaunchScreen.storyboard; sourceTree = "<group>"; };
		03FE271F23E56D5100595E71 /* Info.plist */ = {isa = PBXFileReference; lastKnownFileType = text.plist.xml; path = Info.plist; sourceTree = "<group>"; };
		03FE272423E56D5100595E71 /* Animated-Spirograph-SwiftUITests.xctest */ = {isa = PBXFileReference; explicitFileType = wrapper.cfbundle; includeInIndex = 0; path = "Animated-Spirograph-SwiftUITests.xctest"; sourceTree = BUILT_PRODUCTS_DIR; };
		03FE272823E56D5100595E71 /* Animated_Spirograph_SwiftUITests.swift */ = {isa = PBXFileReference; lastKnownFileType = sourcecode.swift; path = Animated_Spirograph_SwiftUITests.swift; sourceTree = "<group>"; };
		03FE272A23E56D5100595E71 /* Info.plist */ = {isa = PBXFileReference; lastKnownFileType = text.plist.xml; path = Info.plist; sourceTree = "<group>"; };
/* End PBXFileReference section */

/* Begin PBXFrameworksBuildPhase section */
		03FE270B23E56D5000595E71 /* Frameworks */ = {
			isa = PBXFrameworksBuildPhase;
			buildActionMask = 2147483647;
			files = (
			);
			runOnlyForDeploymentPostprocessing = 0;
		};
		03FE272123E56D5100595E71 /* Frameworks */ = {
			isa = PBXFrameworksBuildPhase;
			buildActionMask = 2147483647;
			files = (
			);
			runOnlyForDeploymentPostprocessing = 0;
		};
/* End PBXFrameworksBuildPhase section */

/* Begin PBXGroup section */
		03FE270523E56D5000595E71 = {
			isa = PBXGroup;
			children = (
				03FE271023E56D5000595E71 /* Animated-Spirograph-SwiftUI */,
				03FE272723E56D5100595E71 /* Animated-Spirograph-SwiftUITests */,
				03FE270F23E56D5000595E71 /* Products */,
			);
			sourceTree = "<group>";
		};
		03FE270F23E56D5000595E71 /* Products */ = {
			isa = PBXGroup;
			children = (
				03FE270E23E56D5000595E71 /* Animated-Spirograph-SwiftUI.app */,
				03FE272423E56D5100595E71 /* Animated-Spirograph-SwiftUITests.xctest */,
			);
			name = Products;
			sourceTree = "<group>";
		};
		03FE271023E56D5000595E71 /* Animated-Spirograph-SwiftUI */ = {
			isa = PBXGroup;
			children = (
				03C9D94423E5BEF000215762 /* Animated-Spirograph-SwiftUI.entitlements */,
				03FE271123E56D5000595E71 /* AppDelegate.swift */,
				03FE271323E56D5000595E71 /* SceneDelegate.swift */,
				03FE271523E56D5000595E71 /* ContentView.swift */,
				03FE271723E56D5100595E71 /* Assets.xcassets */,
				03FE271C23E56D5100595E71 /* LaunchScreen.storyboard */,
				03FE271F23E56D5100595E71 /* Info.plist */,
				03FE271923E56D5100595E71 /* Preview Content */,
			);
			path = "Animated-Spirograph-SwiftUI";
			sourceTree = "<group>";
		};
		03FE271923E56D5100595E71 /* Preview Content */ = {
			isa = PBXGroup;
			children = (
				03FE271A23E56D5100595E71 /* Preview Assets.xcassets */,
			);
			path = "Preview Content";
			sourceTree = "<group>";
		};
		03FE272723E56D5100595E71 /* Animated-Spirograph-SwiftUITests */ = {
			isa = PBXGroup;
			children = (
				03FE272823E56D5100595E71 /* Animated_Spirograph_SwiftUITests.swift */,
				03FE272A23E56D5100595E71 /* Info.plist */,
			);
			path = "Animated-Spirograph-SwiftUITests";
			sourceTree = "<group>";
		};
/* End PBXGroup section */

/* Begin PBXNativeTarget section */
		03FE270D23E56D5000595E71 /* Animated-Spirograph-SwiftUI */ = {
			isa = PBXNativeTarget;
			buildConfigurationList = 03FE272D23E56D5100595E71 /* Build configuration list for PBXNativeTarget "Animated-Spirograph-SwiftUI" */;
			buildPhases = (
				03FE270A23E56D5000595E71 /* Sources */,
				03FE270B23E56D5000595E71 /* Frameworks */,
				03FE270C23E56D5000595E71 /* Resources */,
			);
			buildRules = (
			);
			dependencies = (
			);
			name = "Animated-Spirograph-SwiftUI";
			productName = "Animated-Spirograph-SwiftUI";
			productReference = 03FE270E23E56D5000595E71 /* Animated-Spirograph-SwiftUI.app */;
			productType = "com.apple.product-type.application";
		};
		03FE272323E56D5100595E71 /* Animated-Spirograph-SwiftUITests */ = {
			isa = PBXNativeTarget;
			buildConfigurationList = 03FE273023E56D5100595E71 /* Build configuration list for PBXNativeTarget "Animated-Spirograph-SwiftUITests" */;
			buildPhases = (
				03FE272023E56D5100595E71 /* Sources */,
				03FE272123E56D5100595E71 /* Frameworks */,
				03FE272223E56D5100595E71 /* Resources */,
			);
			buildRules = (
			);
			dependencies = (
				03FE272623E56D5100595E71 /* PBXTargetDependency */,
			);
			name = "Animated-Spirograph-SwiftUITests";
			productName = "Animated-Spirograph-SwiftUITests";
			productReference = 03FE272423E56D5100595E71 /* Animated-Spirograph-SwiftUITests.xctest */;
			productType = "com.apple.product-type.bundle.unit-test";
		};
/* End PBXNativeTarget section */

/* Begin PBXProject section */
		03FE270623E56D5000595E71 /* Project object */ = {
			isa = PBXProject;
			attributes = {
				LastSwiftUpdateCheck = 1130;
				LastUpgradeCheck = 1130;
				ORGANIZATIONNAME = com.josh;
				TargetAttributes = {
					03FE270D23E56D5000595E71 = {
						CreatedOnToolsVersion = 11.3.1;
					};
					03FE272323E56D5100595E71 = {
						CreatedOnToolsVersion = 11.3.1;
						TestTargetID = 03FE270D23E56D5000595E71;
					};
				};
			};
			buildConfigurationList = 03FE270923E56D5000595E71 /* Build configuration list for PBXProject "Animated-Spirograph-SwiftUI" */;
			compatibilityVersion = "Xcode 9.3";
			developmentRegion = en;
			hasScannedForEncodings = 0;
			knownRegions = (
				en,
				Base,
			);
			mainGroup = 03FE270523E56D5000595E71;
			productRefGroup = 03FE270F23E56D5000595E71 /* Products */;
			projectDirPath = "";
			projectRoot = "";
			targets = (
				03FE270D23E56D5000595E71 /* Animated-Spirograph-SwiftUI */,
				03FE272323E56D5100595E71 /* Animated-Spirograph-SwiftUITests */,
			);
		};
/* End PBXProject section */

/* Begin PBXResourcesBuildPhase section */
		03FE270C23E56D5000595E71 /* Resources */ = {
			isa = PBXResourcesBuildPhase;
			buildActionMask = 2147483647;
			files = (
				03FE271E23E56D5100595E71 /* LaunchScreen.storyboard in Resources */,
				03FE271B23E56D5100595E71 /* Preview Assets.xcassets in Resources */,
				03FE271823E56D5100595E71 /* Assets.xcassets in Resources */,
			);
			runOnlyForDeploymentPostprocessing = 0;
		};
		03FE272223E56D5100595E71 /* Resources */ = {
			isa = PBXResourcesBuildPhase;
			buildActionMask = 2147483647;
			files = (
			);
			runOnlyForDeploymentPostprocessing = 0;
		};
/* End PBXResourcesBuildPhase section */

/* Begin PBXSourcesBuildPhase section */
		03FE270A23E56D5000595E71 /* Sources */ = {
			isa = PBXSourcesBuildPhase;
			buildActionMask = 2147483647;
			files = (
				03FE271223E56D5000595E71 /* AppDelegate.swift in Sources */,
				03FE271423E56D5000595E71 /* SceneDelegate.swift in Sources */,
				03FE271623E56D5000595E71 /* ContentView.swift in Sources */,
			);
			runOnlyForDeploymentPostprocessing = 0;
		};
		03FE272023E56D5100595E71 /* Sources */ = {
			isa = PBXSourcesBuildPhase;
			buildActionMask = 2147483647;
			files = (
				03FE272923E56D5100595E71 /* Animated_Spirograph_SwiftUITests.swift in Sources */,
			);
			runOnlyForDeploymentPostprocessing = 0;
		};
/* End PBXSourcesBuildPhase section */

/* Begin PBXTargetDependency section */
		03FE272623E56D5100595E71 /* PBXTargetDependency */ = {
			isa = PBXTargetDependency;
			target = 03FE270D23E56D5000595E71 /* Animated-Spirograph-SwiftUI */;
			targetProxy = 03FE272523E56D5100595E71 /* PBXContainerItemProxy */;
		};
/* End PBXTargetDependency section */

/* Begin PBXVariantGroup section */
		03FE271C23E56D5100595E71 /* LaunchScreen.storyboard */ = {
			isa = PBXVariantGroup;
			children = (
				03FE271D23E56D5100595E71 /* Base */,
			);
			name = LaunchScreen.storyboard;
			sourceTree = "<group>";
		};
/* End PBXVariantGroup section */

/* Begin XCBuildConfiguration section */
		03FE272B23E56D5100595E71 /* Debug */ = {
			isa = XCBuildConfiguration;
			buildSettings = {
				ALWAYS_SEARCH_USER_PATHS = NO;
				CLANG_ANALYZER_NONNULL = YES;
				CLANG_ANALYZER_NUMBER_OBJECT_CONVERSION = YES_AGGRESSIVE;
				CLANG_CXX_LANGUAGE_STANDARD = "gnu++14";
				CLANG_CXX_LIBRARY = "libc++";
				CLANG_ENABLE_MODULES = YES;
				CLANG_ENABLE_OBJC_ARC = YES;
				CLANG_ENABLE_OBJC_WEAK = YES;
				CLANG_WARN_BLOCK_CAPTURE_AUTORELEASING = YES;
				CLANG_WARN_BOOL_CONVERSION = YES;
				CLANG_WARN_COMMA = YES;
				CLANG_WARN_CONSTANT_CONVERSION = YES;
				CLANG_WARN_DEPRECATED_OBJC_IMPLEMENTATIONS = YES;
				CLANG_WARN_DIRECT_OBJC_ISA_USAGE = YES_ERROR;
				CLANG_WARN_DOCUMENTATION_COMMENTS = YES;
				CLANG_WARN_EMPTY_BODY = YES;
				CLANG_WARN_ENUM_CONVERSION = YES;
				CLANG_WARN_INFINITE_RECURSION = YES;
				CLANG_WARN_INT_CONVERSION = YES;
				CLANG_WARN_NON_LITERAL_NULL_CONVERSION = YES;
				CLANG_WARN_OBJC_IMPLICIT_RETAIN_SELF = YES;
				CLANG_WARN_OBJC_LITERAL_CONVERSION = YES;
				CLANG_WARN_OBJC_ROOT_CLASS = YES_ERROR;
				CLANG_WARN_RANGE_LOOP_ANALYSIS = YES;
				CLANG_WARN_STRICT_PROTOTYPES = YES;
				CLANG_WARN_SUSPICIOUS_MOVE = YES;
				CLANG_WARN_UNGUARDED_AVAILABILITY = YES_AGGRESSIVE;
				CLANG_WARN_UNREACHABLE_CODE = YES;
				CLANG_WARN__DUPLICATE_METHOD_MATCH = YES;
				COPY_PHASE_STRIP = NO;
				DEBUG_INFORMATION_FORMAT = dwarf;
				ENABLE_STRICT_OBJC_MSGSEND = YES;
				ENABLE_TESTABILITY = YES;
				GCC_C_LANGUAGE_STANDARD = gnu11;
				GCC_DYNAMIC_NO_PIC = NO;
				GCC_NO_COMMON_BLOCKS = YES;
				GCC_OPTIMIZATION_LEVEL = 0;
				GCC_PREPROCESSOR_DEFINITIONS = (
					"DEBUG=1",
					"$(inherited)",
				);
				GCC_WARN_64_TO_32_BIT_CONVERSION = YES;
				GCC_WARN_ABOUT_RETURN_TYPE = YES_ERROR;
				GCC_WARN_UNDECLARED_SELECTOR = YES;
				GCC_WARN_UNINITIALIZED_AUTOS = YES_AGGRESSIVE;
				GCC_WARN_UNUSED_FUNCTION = YES;
				GCC_WARN_UNUSED_VARIABLE = YES;
				IPHONEOS_DEPLOYMENT_TARGET = 13.2;
				MTL_ENABLE_DEBUG_INFO = INCLUDE_SOURCE;
				MTL_FAST_MATH = YES;
				ONLY_ACTIVE_ARCH = YES;
				SDKROOT = iphoneos;
				SWIFT_ACTIVE_COMPILATION_CONDITIONS = DEBUG;
				SWIFT_OPTIMIZATION_LEVEL = "-Onone";
			};
			name = Debug;
		};
		03FE272C23E56D5100595E71 /* Release */ = {
			isa = XCBuildConfiguration;
			buildSettings = {
				ALWAYS_SEARCH_USER_PATHS = NO;
				CLANG_ANALYZER_NONNULL = YES;
				CLANG_ANALYZER_NUMBER_OBJECT_CONVERSION = YES_AGGRESSIVE;
				CLANG_CXX_LANGUAGE_STANDARD = "gnu++14";
				CLANG_CXX_LIBRARY = "libc++";
				CLANG_ENABLE_MODULES = YES;
				CLANG_ENABLE_OBJC_ARC = YES;
				CLANG_ENABLE_OBJC_WEAK = YES;
				CLANG_WARN_BLOCK_CAPTURE_AUTORELEASING = YES;
				CLANG_WARN_BOOL_CONVERSION = YES;
				CLANG_WARN_COMMA = YES;
				CLANG_WARN_CONSTANT_CONVERSION = YES;
				CLANG_WARN_DEPRECATED_OBJC_IMPLEMENTATIONS = YES;
				CLANG_WARN_DIRECT_OBJC_ISA_USAGE = YES_ERROR;
				CLANG_WARN_DOCUMENTATION_COMMENTS = YES;
				CLANG_WARN_EMPTY_BODY = YES;
				CLANG_WARN_ENUM_CONVERSION = YES;
				CLANG_WARN_INFINITE_RECURSION = YES;
				CLANG_WARN_INT_CONVERSION = YES;
				CLANG_WARN_NON_LITERAL_NULL_CONVERSION = YES;
				CLANG_WARN_OBJC_IMPLICIT_RETAIN_SELF = YES;
				CLANG_WARN_OBJC_LITERAL_CONVERSION = YES;
				CLANG_WARN_OBJC_ROOT_CLASS = YES_ERROR;
				CLANG_WARN_RANGE_LOOP_ANALYSIS = YES;
				CLANG_WARN_STRICT_PROTOTYPES = YES;
				CLANG_WARN_SUSPICIOUS_MOVE = YES;
				CLANG_WARN_UNGUARDED_AVAILABILITY = YES_AGGRESSIVE;
				CLANG_WARN_UNREACHABLE_CODE = YES;
				CLANG_WARN__DUPLICATE_METHOD_MATCH = YES;
				COPY_PHASE_STRIP = NO;
				DEBUG_INFORMATION_FORMAT = "dwarf-with-dsym";
				ENABLE_NS_ASSERTIONS = NO;
				ENABLE_STRICT_OBJC_MSGSEND = YES;
				GCC_C_LANGUAGE_STANDARD = gnu11;
				GCC_NO_COMMON_BLOCKS = YES;
				GCC_WARN_64_TO_32_BIT_CONVERSION = YES;
				GCC_WARN_ABOUT_RETURN_TYPE = YES_ERROR;
				GCC_WARN_UNDECLARED_SELECTOR = YES;
				GCC_WARN_UNINITIALIZED_AUTOS = YES_AGGRESSIVE;
				GCC_WARN_UNUSED_FUNCTION = YES;
				GCC_WARN_UNUSED_VARIABLE = YES;
				IPHONEOS_DEPLOYMENT_TARGET = 13.2;
				MTL_ENABLE_DEBUG_INFO = NO;
				MTL_FAST_MATH = YES;
				SDKROOT = iphoneos;
				SWIFT_COMPILATION_MODE = wholemodule;
				SWIFT_OPTIMIZATION_LEVEL = "-O";
				VALIDATE_PRODUCT = YES;
			};
			name = Release;
		};
		03FE272E23E56D5100595E71 /* Debug */ = {
			isa = XCBuildConfiguration;
			buildSettings = {
				ASSETCATALOG_COMPILER_APPICON_NAME = AppIcon;
				CODE_SIGN_ENTITLEMENTS = "Animated-Spirograph-SwiftUI/Animated-Spirograph-SwiftUI.entitlements";
				CODE_SIGN_STYLE = Automatic;
				DERIVE_MACCATALYST_PRODUCT_BUNDLE_IDENTIFIER = YES;
				DEVELOPMENT_ASSET_PATHS = "\"Animated-Spirograph-SwiftUI/Preview Content\"";
				DEVELOPMENT_TEAM = L4WMJSL77G;
				ENABLE_PREVIEWS = YES;
				INFOPLIST_FILE = "Animated-Spirograph-SwiftUI/Info.plist";
				LD_RUNPATH_SEARCH_PATHS = (
					"$(inherited)",
					"@executable_path/Frameworks",
				);
				PRODUCT_BUNDLE_IDENTIFIER = "josh.Animated-Spirograph-SwiftUI";
				PRODUCT_NAME = "$(TARGET_NAME)";
				SUPPORTS_MACCATALYST = YES;
				SWIFT_VERSION = 5.0;
				TARGETED_DEVICE_FAMILY = "1,2";
			};
			name = Debug;
		};
		03FE272F23E56D5100595E71 /* Release */ = {
			isa = XCBuildConfiguration;
			buildSettings = {
				ASSETCATALOG_COMPILER_APPICON_NAME = AppIcon;
				CODE_SIGN_ENTITLEMENTS = "Animated-Spirograph-SwiftUI/Animated-Spirograph-SwiftUI.entitlements";
				CODE_SIGN_STYLE = Automatic;
				DERIVE_MACCATALYST_PRODUCT_BUNDLE_IDENTIFIER = YES;
				DEVELOPMENT_ASSET_PATHS = "\"Animated-Spirograph-SwiftUI/Preview Content\"";
				DEVELOPMENT_TEAM = L4WMJSL77G;
				ENABLE_PREVIEWS = YES;
				INFOPLIST_FILE = "Animated-Spirograph-SwiftUI/Info.plist";
				LD_RUNPATH_SEARCH_PATHS = (
					"$(inherited)",
					"@executable_path/Frameworks",
				);
				PRODUCT_BUNDLE_IDENTIFIER = "josh.Animated-Spirograph-SwiftUI";
				PRODUCT_NAME = "$(TARGET_NAME)";
				SUPPORTS_MACCATALYST = YES;
				SWIFT_VERSION = 5.0;
				TARGETED_DEVICE_FAMILY = "1,2";
			};
			name = Release;
		};
		03FE273123E56D5100595E71 /* Debug */ = {
			isa = XCBuildConfiguration;
			buildSettings = {
				ALWAYS_EMBED_SWIFT_STANDARD_LIBRARIES = YES;
				BUNDLE_LOADER = "$(TEST_HOST)";
				CODE_SIGN_STYLE = Automatic;
				DEVELOPMENT_TEAM = L4WMJSL77G;
				INFOPLIST_FILE = "Animated-Spirograph-SwiftUITests/Info.plist";
				IPHONEOS_DEPLOYMENT_TARGET = 13.2;
				LD_RUNPATH_SEARCH_PATHS = (
					"$(inherited)",
					"@executable_path/Frameworks",
					"@loader_path/Frameworks",
				);
				PRODUCT_BUNDLE_IDENTIFIER = "josh.Animated-Spirograph-SwiftUITests";
				PRODUCT_NAME = "$(TARGET_NAME)";
				SWIFT_VERSION = 5.0;
				TARGETED_DEVICE_FAMILY = "1,2";
				TEST_HOST = "$(BUILT_PRODUCTS_DIR)/Animated-Spirograph-SwiftUI.app/Animated-Spirograph-SwiftUI";
			};
			name = Debug;
		};
		03FE273223E56D5100595E71 /* Release */ = {
			isa = XCBuildConfiguration;
			buildSettings = {
				ALWAYS_EMBED_SWIFT_STANDARD_LIBRARIES = YES;
				BUNDLE_LOADER = "$(TEST_HOST)";
				CODE_SIGN_STYLE = Automatic;
				DEVELOPMENT_TEAM = L4WMJSL77G;
				INFOPLIST_FILE = "Animated-Spirograph-SwiftUITests/Info.plist";
				IPHONEOS_DEPLOYMENT_TARGET = 13.2;
				LD_RUNPATH_SEARCH_PATHS = (
					"$(inherited)",
					"@executable_path/Frameworks",
					"@loader_path/Frameworks",
				);
				PRODUCT_BUNDLE_IDENTIFIER = "josh.Animated-Spirograph-SwiftUITests";
				PRODUCT_NAME = "$(TARGET_NAME)";
				SWIFT_VERSION = 5.0;
				TARGETED_DEVICE_FAMILY = "1,2";
				TEST_HOST = "$(BUILT_PRODUCTS_DIR)/Animated-Spirograph-SwiftUI.app/Animated-Spirograph-SwiftUI";
			};
			name = Release;
		};
/* End XCBuildConfiguration section */

/* Begin XCConfigurationList section */
		03FE270923E56D5000595E71 /* Build configuration list for PBXProject "Animated-Spirograph-SwiftUI" */ = {
			isa = XCConfigurationList;
			buildConfigurations = (
				03FE272B23E56D5100595E71 /* Debug */,
				03FE272C23E56D5100595E71 /* Release */,
			);
			defaultConfigurationIsVisible = 0;
			defaultConfigurationName = Release;
		};
		03FE272D23E56D5100595E71 /* Build configuration list for PBXNativeTarget "Animated-Spirograph-SwiftUI" */ = {
			isa = XCConfigurationList;
			buildConfigurations = (
				03FE272E23E56D5100595E71 /* Debug */,
				03FE272F23E56D5100595E71 /* Release */,
			);
			defaultConfigurationIsVisible = 0;
			defaultConfigurationName = Release;
		};
		03FE273023E56D5100595E71 /* Build configuration list for PBXNativeTarget "Animated-Spirograph-SwiftUITests" */ = {
			isa = XCConfigurationList;
			buildConfigurations = (
				03FE273123E56D5100595E71 /* Debug */,
				03FE273223E56D5100595E71 /* Release */,
			);
			defaultConfigurationIsVisible = 0;
			defaultConfigurationName = Release;
		};
/* End XCConfigurationList section */
	};
	rootObject = 03FE270623E56D5000595E71 /* Project object */;
}
